// !$*UTF8*$!
{
	archiveVersion = 1;
	classes = {
	};
	objectVersion = 50;
	objects = {

/* Begin PBXBuildFile section */
		0155C93F24487AEF00DDDCC1 /* AppDelegate.swift in Sources */ = {isa = PBXBuildFile; fileRef = 0155C93E24487AEF00DDDCC1 /* AppDelegate.swift */; };
		0155C94124487AEF00DDDCC1 /* SceneDelegate.swift in Sources */ = {isa = PBXBuildFile; fileRef = 0155C94024487AEF00DDDCC1 /* SceneDelegate.swift */; };
		0155C94324487AEF00DDDCC1 /* TodoListViewController.swift in Sources */ = {isa = PBXBuildFile; fileRef = 0155C94224487AEF00DDDCC1 /* TodoListViewController.swift */; };
		0155C94624487AEF00DDDCC1 /* Main.storyboard in Resources */ = {isa = PBXBuildFile; fileRef = 0155C94424487AEF00DDDCC1 /* Main.storyboard */; };
		0155C94824487AF200DDDCC1 /* Assets.xcassets in Resources */ = {isa = PBXBuildFile; fileRef = 0155C94724487AF200DDDCC1 /* Assets.xcassets */; };
		0155C94B24487AF200DDDCC1 /* LaunchScreen.storyboard in Resources */ = {isa = PBXBuildFile; fileRef = 0155C94924487AF200DDDCC1 /* LaunchScreen.storyboard */; };
		01BF54162458ED5900CDEACD /* DataModel.xcdatamodeld in Sources */ = {isa = PBXBuildFile; fileRef = 01BF54142458ED5900CDEACD /* DataModel.xcdatamodeld */; };
		01BF545B2459B4DC00CDEACD /* CategoryViewController.swift in Sources */ = {isa = PBXBuildFile; fileRef = 01BF545A2459B4DC00CDEACD /* CategoryViewController.swift */; };
		BC92017F952B49B40DFF2E1A /* Pods_Todore.framework in Frameworks */ = {isa = PBXBuildFile; fileRef = 5BD78A707ACAB1DED09D0F60 /* Pods_Todore.framework */; };
/* End PBXBuildFile section */

/* Begin PBXFileReference section */
		00B27E4B6A47D46A7865D4AF /* Pods-Todore.debug.xcconfig */ = {isa = PBXFileReference; includeInIndex = 1; lastKnownFileType = text.xcconfig; name = "Pods-Todore.debug.xcconfig"; path = "Target Support Files/Pods-Todore/Pods-Todore.debug.xcconfig"; sourceTree = "<group>"; };
		0155C93B24487AEF00DDDCC1 /* Todore.app */ = {isa = PBXFileReference; explicitFileType = wrapper.application; includeInIndex = 0; path = Todore.app; sourceTree = BUILT_PRODUCTS_DIR; };
		0155C93E24487AEF00DDDCC1 /* AppDelegate.swift */ = {isa = PBXFileReference; lastKnownFileType = sourcecode.swift; path = AppDelegate.swift; sourceTree = "<group>"; };
		0155C94024487AEF00DDDCC1 /* SceneDelegate.swift */ = {isa = PBXFileReference; lastKnownFileType = sourcecode.swift; path = SceneDelegate.swift; sourceTree = "<group>"; };
		0155C94224487AEF00DDDCC1 /* TodoListViewController.swift */ = {isa = PBXFileReference; lastKnownFileType = sourcecode.swift; path = TodoListViewController.swift; sourceTree = "<group>"; };
		0155C94524487AEF00DDDCC1 /* Base */ = {isa = PBXFileReference; lastKnownFileType = file.storyboard; name = Base; path = Base.lproj/Main.storyboard; sourceTree = "<group>"; };
		0155C94724487AF200DDDCC1 /* Assets.xcassets */ = {isa = PBXFileReference; lastKnownFileType = folder.assetcatalog; path = Assets.xcassets; sourceTree = "<group>"; };
		0155C94A24487AF200DDDCC1 /* Base */ = {isa = PBXFileReference; lastKnownFileType = file.storyboard; name = Base; path = Base.lproj/LaunchScreen.storyboard; sourceTree = "<group>"; };
		0155C94C24487AF200DDDCC1 /* Info.plist */ = {isa = PBXFileReference; lastKnownFileType = text.plist.xml; path = Info.plist; sourceTree = "<group>"; };
		01BF54152458ED5900CDEACD /* DataModel.xcdatamodel */ = {isa = PBXFileReference; lastKnownFileType = wrapper.xcdatamodel; path = DataModel.xcdatamodel; sourceTree = "<group>"; };
		01BF545A2459B4DC00CDEACD /* CategoryViewController.swift */ = {isa = PBXFileReference; lastKnownFileType = sourcecode.swift; name = CategoryViewController.swift; path = Todore/Views/CategoryViewController.swift; sourceTree = SOURCE_ROOT; };
		50FB683848827F4EFC2B5146 /* Pods-Todore.release.xcconfig */ = {isa = PBXFileReference; includeInIndex = 1; lastKnownFileType = text.xcconfig; name = "Pods-Todore.release.xcconfig"; path = "Target Support Files/Pods-Todore/Pods-Todore.release.xcconfig"; sourceTree = "<group>"; };
		5BD78A707ACAB1DED09D0F60 /* Pods_Todore.framework */ = {isa = PBXFileReference; explicitFileType = wrapper.framework; includeInIndex = 0; path = Pods_Todore.framework; sourceTree = BUILT_PRODUCTS_DIR; };
/* End PBXFileReference section */

/* Begin PBXFrameworksBuildPhase section */
		0155C93824487AEF00DDDCC1 /* Frameworks */ = {
			isa = PBXFrameworksBuildPhase;
			buildActionMask = 2147483647;
			files = (
				BC92017F952B49B40DFF2E1A /* Pods_Todore.framework in Frameworks */,
			);
			runOnlyForDeploymentPostprocessing = 0;
		};
/* End PBXFrameworksBuildPhase section */

/* Begin PBXGroup section */
		0155C93224487AEF00DDDCC1 = {
			isa = PBXGroup;
			children = (
				0155C93D24487AEF00DDDCC1 /* Todore */,
				0155C93C24487AEF00DDDCC1 /* Products */,
				B4A7AE38F42C4044F0AC4E3B /* Pods */,
				60FDCA9FBC44735FE0252409 /* Frameworks */,
			);
			sourceTree = "<group>";
		};
		0155C93C24487AEF00DDDCC1 /* Products */ = {
			isa = PBXGroup;
			children = (
				0155C93B24487AEF00DDDCC1 /* Todore.app */,
			);
			name = Products;
			sourceTree = "<group>";
		};
		0155C93D24487AEF00DDDCC1 /* Todore */ = {
			isa = PBXGroup;
			children = (
				01BF540C2451D3EA00CDEACD /* Data Model */,
				0155C93E24487AEF00DDDCC1 /* AppDelegate.swift */,
				0155C94024487AEF00DDDCC1 /* SceneDelegate.swift */,
				01BF540F2451D43300CDEACD /* Controllers */,
				01BF54102451D45400CDEACD /* Views */,
				01BF54112451D45F00CDEACD /* Supporting Files */,
				0155C94C24487AF200DDDCC1 /* Info.plist */,
			);
			path = Todore;
			sourceTree = "<group>";
		};
		01BF540C2451D3EA00CDEACD /* Data Model */ = {
			isa = PBXGroup;
			children = (
				01BF54142458ED5900CDEACD /* DataModel.xcdatamodeld */,
			);
			path = "Data Model";
			sourceTree = "<group>";
		};
		01BF540F2451D43300CDEACD /* Controllers */ = {
			isa = PBXGroup;
			children = (
				01BF545A2459B4DC00CDEACD /* CategoryViewController.swift */,
				0155C94224487AEF00DDDCC1 /* TodoListViewController.swift */,
			);
			path = Controllers;
			sourceTree = "<group>";
		};
		01BF54102451D45400CDEACD /* Views */ = {
			isa = PBXGroup;
			children = (
				0155C94424487AEF00DDDCC1 /* Main.storyboard */,
			);
			path = Views;
			sourceTree = "<group>";
		};
		01BF54112451D45F00CDEACD /* Supporting Files */ = {
			isa = PBXGroup;
			children = (
				0155C94724487AF200DDDCC1 /* Assets.xcassets */,
				0155C94924487AF200DDDCC1 /* LaunchScreen.storyboard */,
			);
			path = "Supporting Files";
			sourceTree = "<group>";
		};
		60FDCA9FBC44735FE0252409 /* Frameworks */ = {
			isa = PBXGroup;
			children = (
				5BD78A707ACAB1DED09D0F60 /* Pods_Todore.framework */,
			);
			name = Frameworks;
			sourceTree = "<group>";
		};
		B4A7AE38F42C4044F0AC4E3B /* Pods */ = {
			isa = PBXGroup;
			children = (
				00B27E4B6A47D46A7865D4AF /* Pods-Todore.debug.xcconfig */,
				50FB683848827F4EFC2B5146 /* Pods-Todore.release.xcconfig */,
			);
			name = Pods;
			path = Pods;
			sourceTree = "<group>";
		};
/* End PBXGroup section */

/* Begin PBXNativeTarget section */
		0155C93A24487AEF00DDDCC1 /* Todore */ = {
			isa = PBXNativeTarget;
			buildConfigurationList = 0155C94F24487AF200DDDCC1 /* Build configuration list for PBXNativeTarget "Todore" */;
			buildPhases = (
				571EBBEA360B895FC633F04F /* [CP] Check Pods Manifest.lock */,
				0155C93724487AEF00DDDCC1 /* Sources */,
				0155C93824487AEF00DDDCC1 /* Frameworks */,
				0155C93924487AEF00DDDCC1 /* Resources */,
				BE45C2C9F7BC6713854EA89E /* [CP] Embed Pods Frameworks */,
			);
			buildRules = (
			);
			dependencies = (
			);
			name = Todore;
			productName = Todore;
			productReference = 0155C93B24487AEF00DDDCC1 /* Todore.app */;
			productType = "com.apple.product-type.application";
		};
/* End PBXNativeTarget section */

/* Begin PBXProject section */
		0155C93324487AEF00DDDCC1 /* Project object */ = {
			isa = PBXProject;
			attributes = {
				LastSwiftUpdateCheck = 1140;
				LastUpgradeCheck = 1140;
				ORGANIZATIONNAME = "Manjot S Sandhu";
				TargetAttributes = {
					0155C93A24487AEF00DDDCC1 = {
						CreatedOnToolsVersion = 11.4;
					};
				};
			};
			buildConfigurationList = 0155C93624487AEF00DDDCC1 /* Build configuration list for PBXProject "Todore" */;
			compatibilityVersion = "Xcode 9.3";
			developmentRegion = en;
			hasScannedForEncodings = 0;
			knownRegions = (
				en,
				Base,
			);
			mainGroup = 0155C93224487AEF00DDDCC1;
			productRefGroup = 0155C93C24487AEF00DDDCC1 /* Products */;
			projectDirPath = "";
			projectRoot = "";
			targets = (
				0155C93A24487AEF00DDDCC1 /* Todore */,
			);
		};
/* End PBXProject section */

/* Begin PBXResourcesBuildPhase section */
		0155C93924487AEF00DDDCC1 /* Resources */ = {
			isa = PBXResourcesBuildPhase;
			buildActionMask = 2147483647;
			files = (
				0155C94B24487AF200DDDCC1 /* LaunchScreen.storyboard in Resources */,
				0155C94824487AF200DDDCC1 /* Assets.xcassets in Resources */,
				0155C94624487AEF00DDDCC1 /* Main.storyboard in Resources */,
			);
			runOnlyForDeploymentPostprocessing = 0;
		};
/* End PBXResourcesBuildPhase section */

/* Begin PBXShellScriptBuildPhase section */
		571EBBEA360B895FC633F04F /* [CP] Check Pods Manifest.lock */ = {
			isa = PBXShellScriptBuildPhase;
			buildActionMask = 2147483647;
			files = (
			);
			inputFileListPaths = (
			);
			inputPaths = (
				"${PODS_PODFILE_DIR_PATH}/Podfile.lock",
				"${PODS_ROOT}/Manifest.lock",
			);
			name = "[CP] Check Pods Manifest.lock";
			outputFileListPaths = (
			);
			outputPaths = (
				"$(DERIVED_FILE_DIR)/Pods-Todore-checkManifestLockResult.txt",
			);
			runOnlyForDeploymentPostprocessing = 0;
			shellPath = /bin/sh;
			shellScript = "diff \"${PODS_PODFILE_DIR_PATH}/Podfile.lock\" \"${PODS_ROOT}/Manifest.lock\" > /dev/null\nif [ $? != 0 ] ; then\n    # print error to STDERR\n    echo \"error: The sandbox is not in sync with the Podfile.lock. Run 'pod install' or update your CocoaPods installation.\" >&2\n    exit 1\nfi\n# This output is used by Xcode 'outputs' to avoid re-running this script phase.\necho \"SUCCESS\" > \"${SCRIPT_OUTPUT_FILE_0}\"\n";
			showEnvVarsInLog = 0;
		};
		BE45C2C9F7BC6713854EA89E /* [CP] Embed Pods Frameworks */ = {
			isa = PBXShellScriptBuildPhase;
			buildActionMask = 2147483647;
			files = (
			);
			inputFileListPaths = (
				"${PODS_ROOT}/Target Support Files/Pods-Todore/Pods-Todore-frameworks-${CONFIGURATION}-input-files.xcfilelist",
			);
			name = "[CP] Embed Pods Frameworks";
			outputFileListPaths = (
				"${PODS_ROOT}/Target Support Files/Pods-Todore/Pods-Todore-frameworks-${CONFIGURATION}-output-files.xcfilelist",
			);
			runOnlyForDeploymentPostprocessing = 0;
			shellPath = /bin/sh;
			shellScript = "\"${PODS_ROOT}/Target Support Files/Pods-Todore/Pods-Todore-frameworks.sh\"\n";
			showEnvVarsInLog = 0;
		};
/* End PBXShellScriptBuildPhase section */

/* Begin PBXSourcesBuildPhase section */
		0155C93724487AEF00DDDCC1 /* Sources */ = {
			isa = PBXSourcesBuildPhase;
			buildActionMask = 2147483647;
			files = (
				01BF545B2459B4DC00CDEACD /* CategoryViewController.swift in Sources */,
				01BF54162458ED5900CDEACD /* DataModel.xcdatamodeld in Sources */,
				0155C94324487AEF00DDDCC1 /* TodoListViewController.swift in Sources */,
				0155C93F24487AEF00DDDCC1 /* AppDelegate.swift in Sources */,
				0155C94124487AEF00DDDCC1 /* SceneDelegate.swift in Sources */,
			);
			runOnlyForDeploymentPostprocessing = 0;
		};
/* End PBXSourcesBuildPhase section */

/* Begin PBXVariantGroup section */
		0155C94424487AEF00DDDCC1 /* Main.storyboard */ = {
			isa = PBXVariantGroup;
			children = (
				0155C94524487AEF00DDDCC1 /* Base */,
			);
			name = Main.storyboard;
			sourceTree = "<group>";
		};
		0155C94924487AF200DDDCC1 /* LaunchScreen.storyboard */ = {
			isa = PBXVariantGroup;
			children = (
				0155C94A24487AF200DDDCC1 /* Base */,
			);
			name = LaunchScreen.storyboard;
			sourceTree = "<group>";
		};
/* End PBXVariantGroup section */

/* Begin XCBuildConfiguration section */
		0155C94D24487AF200DDDCC1 /* Debug */ = {
			isa = XCBuildConfiguration;
			buildSettings = {
				ALWAYS_SEARCH_USER_PATHS = NO;
				CLANG_ANALYZER_NONNULL = YES;
				CLANG_ANALYZER_NUMBER_OBJECT_CONVERSION = YES_AGGRESSIVE;
				CLANG_CXX_LANGUAGE_STANDARD = "gnu++14";
				CLANG_CXX_LIBRARY = "libc++";
				CLANG_ENABLE_MODULES = YES;
				CLANG_ENABLE_OBJC_ARC = YES;
				CLANG_ENABLE_OBJC_WEAK = YES;
				CLANG_WARN_BLOCK_CAPTURE_AUTORELEASING = YES;
				CLANG_WARN_BOOL_CONVERSION = YES;
				CLANG_WARN_COMMA = YES;
				CLANG_WARN_CONSTANT_CONVERSION = YES;
				CLANG_WARN_DEPRECATED_OBJC_IMPLEMENTATIONS = YES;
				CLANG_WARN_DIRECT_OBJC_ISA_USAGE = YES_ERROR;
				CLANG_WARN_DOCUMENTATION_COMMENTS = YES;
				CLANG_WARN_EMPTY_BODY = YES;
				CLANG_WARN_ENUM_CONVERSION = YES;
				CLANG_WARN_INFINITE_RECURSION = YES;
				CLANG_WARN_INT_CONVERSION = YES;
				CLANG_WARN_NON_LITERAL_NULL_CONVERSION = YES;
				CLANG_WARN_OBJC_IMPLICIT_RETAIN_SELF = YES;
				CLANG_WARN_OBJC_LITERAL_CONVERSION = YES;
				CLANG_WARN_OBJC_ROOT_CLASS = YES_ERROR;
				CLANG_WARN_RANGE_LOOP_ANALYSIS = YES;
				CLANG_WARN_STRICT_PROTOTYPES = YES;
				CLANG_WARN_SUSPICIOUS_MOVE = YES;
				CLANG_WARN_UNGUARDED_AVAILABILITY = YES_AGGRESSIVE;
				CLANG_WARN_UNREACHABLE_CODE = YES;
				CLANG_WARN__DUPLICATE_METHOD_MATCH = YES;
				COPY_PHASE_STRIP = NO;
				DEBUG_INFORMATION_FORMAT = dwarf;
				ENABLE_STRICT_OBJC_MSGSEND = YES;
				ENABLE_TESTABILITY = YES;
				GCC_C_LANGUAGE_STANDARD = gnu11;
				GCC_DYNAMIC_NO_PIC = NO;
				GCC_NO_COMMON_BLOCKS = YES;
				GCC_OPTIMIZATION_LEVEL = 0;
				GCC_PREPROCESSOR_DEFINITIONS = (
					"DEBUG=1",
					"$(inherited)",
				);
				GCC_WARN_64_TO_32_BIT_CONVERSION = YES;
				GCC_WARN_ABOUT_RETURN_TYPE = YES_ERROR;
				GCC_WARN_UNDECLARED_SELECTOR = YES;
				GCC_WARN_UNINITIALIZED_AUTOS = YES_AGGRESSIVE;
				GCC_WARN_UNUSED_FUNCTION = YES;
				GCC_WARN_UNUSED_VARIABLE = YES;
				IPHONEOS_DEPLOYMENT_TARGET = 13.4;
				MTL_ENABLE_DEBUG_INFO = INCLUDE_SOURCE;
				MTL_FAST_MATH = YES;
				ONLY_ACTIVE_ARCH = YES;
				SDKROOT = iphoneos;
				SWIFT_ACTIVE_COMPILATION_CONDITIONS = DEBUG;
				SWIFT_OPTIMIZATION_LEVEL = "-Onone";
			};
			name = Debug;
		};
		0155C94E24487AF200DDDCC1 /* Release */ = {
			isa = XCBuildConfiguration;
			buildSettings = {
				ALWAYS_SEARCH_USER_PATHS = NO;
				CLANG_ANALYZER_NONNULL = YES;
				CLANG_ANALYZER_NUMBER_OBJECT_CONVERSION = YES_AGGRESSIVE;
				CLANG_CXX_LANGUAGE_STANDARD = "gnu++14";
				CLANG_CXX_LIBRARY = "libc++";
				CLANG_ENABLE_MODULES = YES;
				CLANG_ENABLE_OBJC_ARC = YES;
				CLANG_ENABLE_OBJC_WEAK = YES;
				CLANG_WARN_BLOCK_CAPTURE_AUTORELEASING = YES;
				CLANG_WARN_BOOL_CONVERSION = YES;
				CLANG_WARN_COMMA = YES;
				CLANG_WARN_CONSTANT_CONVERSION = YES;
				CLANG_WARN_DEPRECATED_OBJC_IMPLEMENTATIONS = YES;
				CLANG_WARN_DIRECT_OBJC_ISA_USAGE = YES_ERROR;
				CLANG_WARN_DOCUMENTATION_COMMENTS = YES;
				CLANG_WARN_EMPTY_BODY = YES;
				CLANG_WARN_ENUM_CONVERSION = YES;
				CLANG_WARN_INFINITE_RECURSION = YES;
				CLANG_WARN_INT_CONVERSION = YES;
				CLANG_WARN_NON_LITERAL_NULL_CONVERSION = YES;
				CLANG_WARN_OBJC_IMPLICIT_RETAIN_SELF = YES;
				CLANG_WARN_OBJC_LITERAL_CONVERSION = YES;
				CLANG_WARN_OBJC_ROOT_CLASS = YES_ERROR;
				CLANG_WARN_RANGE_LOOP_ANALYSIS = YES;
				CLANG_WARN_STRICT_PROTOTYPES = YES;
				CLANG_WARN_SUSPICIOUS_MOVE = YES;
				CLANG_WARN_UNGUARDED_AVAILABILITY = YES_AGGRESSIVE;
				CLANG_WARN_UNREACHABLE_CODE = YES;
				CLANG_WARN__DUPLICATE_METHOD_MATCH = YES;
				COPY_PHASE_STRIP = NO;
				DEBUG_INFORMATION_FORMAT = "dwarf-with-dsym";
				ENABLE_NS_ASSERTIONS = NO;
				ENABLE_STRICT_OBJC_MSGSEND = YES;
				GCC_C_LANGUAGE_STANDARD = gnu11;
				GCC_NO_COMMON_BLOCKS = YES;
				GCC_WARN_64_TO_32_BIT_CONVERSION = YES;
				GCC_WARN_ABOUT_RETURN_TYPE = YES_ERROR;
				GCC_WARN_UNDECLARED_SELECTOR = YES;
				GCC_WARN_UNINITIALIZED_AUTOS = YES_AGGRESSIVE;
				GCC_WARN_UNUSED_FUNCTION = YES;
				GCC_WARN_UNUSED_VARIABLE = YES;
				IPHONEOS_DEPLOYMENT_TARGET = 13.4;
				MTL_ENABLE_DEBUG_INFO = NO;
				MTL_FAST_MATH = YES;
				SDKROOT = iphoneos;
				SWIFT_COMPILATION_MODE = wholemodule;
				SWIFT_OPTIMIZATION_LEVEL = "-O";
				VALIDATE_PRODUCT = YES;
			};
			name = Release;
		};
		0155C95024487AF200DDDCC1 /* Debug */ = {
			isa = XCBuildConfiguration;
			baseConfigurationReference = 00B27E4B6A47D46A7865D4AF /* Pods-Todore.debug.xcconfig */;
			buildSettings = {
				ASSETCATALOG_COMPILER_APPICON_NAME = AppIcon;
				CODE_SIGN_STYLE = Automatic;
				DEVELOPMENT_TEAM = 9KA45ZSF7F;
				INFOPLIST_FILE = Todore/Info.plist;
				LD_RUNPATH_SEARCH_PATHS = (
					"$(inherited)",
					"@executable_path/Frameworks",
				);
				PRODUCT_BUNDLE_IDENTIFIER = com.manjot.Todore;
				PRODUCT_NAME = "$(TARGET_NAME)";
				SWIFT_VERSION = 5.0;
				TARGETED_DEVICE_FAMILY = "1,2";
			};
			name = Debug;
		};
		0155C95124487AF200DDDCC1 /* Release */ = {
			isa = XCBuildConfiguration;
			baseConfigurationReference = 50FB683848827F4EFC2B5146 /* Pods-Todore.release.xcconfig */;
			buildSettings = {
				ASSETCATALOG_COMPILER_APPICON_NAME = AppIcon;
				CODE_SIGN_STYLE = Automatic;
				DEVELOPMENT_TEAM = 9KA45ZSF7F;
				INFOPLIST_FILE = Todore/Info.plist;
				LD_RUNPATH_SEARCH_PATHS = (
					"$(inherited)",
					"@executable_path/Frameworks",
				);
				PRODUCT_BUNDLE_IDENTIFIER = com.manjot.Todore;
				PRODUCT_NAME = "$(TARGET_NAME)";
				SWIFT_VERSION = 5.0;
				TARGETED_DEVICE_FAMILY = "1,2";
			};
			name = Release;
		};
/* End XCBuildConfiguration section */

/* Begin XCConfigurationList section */
		0155C93624487AEF00DDDCC1 /* Build configuration list for PBXProject "Todore" */ = {
			isa = XCConfigurationList;
			buildConfigurations = (
				0155C94D24487AF200DDDCC1 /* Debug */,
				0155C94E24487AF200DDDCC1 /* Release */,
			);
			defaultConfigurationIsVisible = 0;
			defaultConfigurationName = Release;
		};
		0155C94F24487AF200DDDCC1 /* Build configuration list for PBXNativeTarget "Todore" */ = {
			isa = XCConfigurationList;
			buildConfigurations = (
				0155C95024487AF200DDDCC1 /* Debug */,
				0155C95124487AF200DDDCC1 /* Release */,
			);
			defaultConfigurationIsVisible = 0;
			defaultConfigurationName = Release;
		};
/* End XCConfigurationList section */

/* Begin XCVersionGroup section */
		01BF54142458ED5900CDEACD /* DataModel.xcdatamodeld */ = {
			isa = XCVersionGroup;
			children = (
				01BF54152458ED5900CDEACD /* DataModel.xcdatamodel */,
			);
			currentVersion = 01BF54152458ED5900CDEACD /* DataModel.xcdatamodel */;
			path = DataModel.xcdatamodeld;
			sourceTree = "<group>";
			versionGroupType = wrapper.xcdatamodel;
		};
/* End XCVersionGroup section */
	};
	rootObject = 0155C93324487AEF00DDDCC1 /* Project object */;
}
